Microsoft Visual Studio Solution File, Format Version 11.00
# Visual Studio 2008

Project("{7070E155-36A0-6672-31CE-60FEE2D51602}") = "Catapults v3.1", "Assembly-CSharp.csproj", "{1965AECD-4D99-5CFF-4EE8-40216D68007F}"
EndProject
Project("{7070E155-36A0-6672-31CE-60FEE2D51602}") = "Catapults v3.1", "Assembly-CSharp-Editor.csproj", "{4B529E83-458B-C0A9-4CBA-4B1636BCB54A}"
EndProject
Project("{7070E155-36A0-6672-31CE-60FEE2D51602}") = "Catapults v3.1", "Assembly-UnityScript.unityproj", "{08A26AD1-4DDA-0013-20F0-95A1E020CF81}"
EndProject
Project("{7070E155-36A0-6672-31CE-60FEE2D51602}") = "Catapults v3.1", "Assembly-UnityScript-Editor-firstpass.unityproj", "{561B2DF7-2AD8-FE0B-ABC4-DBC7CABDCDAF}"
EndProject
Global
	GlobalSection(SolutionConfigurationPlatforms) = preSolution
		Debug|Any CPU = Debug|Any CPU
		Release|Any CPU = Release|Any CPU
	EndGlobalSection
	GlobalSection(ProjectConfigurationPlatforms) = postSolution
		{1965AECD-4D99-5CFF-4EE8-40216D68007F}.Debug|Any CPU.ActiveCfg = Debug|Any CPU
		{1965AECD-4D99-5CFF-4EE8-40216D68007F}.Debug|Any CPU.Build.0 = Debug|Any CPU
		{1965AECD-4D99-5CFF-4EE8-40216D68007F}.Release|Any CPU.ActiveCfg = Release|Any CPU
		{1965AECD-4D99-5CFF-4EE8-40216D68007F}.Release|Any CPU.Build.0 = Release|Any CPU
		{4B529E83-458B-C0A9-4CBA-4B1636BCB54A}.Debug|Any CPU.ActiveCfg = Debug|Any CPU
		{4B529E83-458B-C0A9-4CBA-4B1636BCB54A}.Debug|Any CPU.Build.0 = Debug|Any CPU
		{4B529E83-458B-C0A9-4CBA-4B1636BCB54A}.Release|Any CPU.ActiveCfg = Release|Any CPU
		{4B529E83-458B-C0A9-4CBA-4B1636BCB54A}.Release|Any CPU.Build.0 = Release|Any CPU
		{08A26AD1-4DDA-0013-20F0-95A1E020CF81}.Debug|Any CPU.ActiveCfg = Debug|Any CPU
		{08A26AD1-4DDA-0013-20F0-95A1E020CF81}.Debug|Any CPU.Build.0 = Debug|Any CPU
		{08A26AD1-4DDA-0013-20F0-95A1E020CF81}.Release|Any CPU.ActiveCfg = Release|Any CPU
		{08A26AD1-4DDA-0013-20F0-95A1E020CF81}.Release|Any CPU.Build.0 = Release|Any CPU
		{561B2DF7-2AD8-FE0B-ABC4-DBC7CABDCDAF}.Debug|Any CPU.ActiveCfg = Debug|Any CPU
		{561B2DF7-2AD8-FE0B-ABC4-DBC7CABDCDAF}.Debug|Any CPU.Build.0 = Debug|Any CPU
		{561B2DF7-2AD8-FE0B-ABC4-DBC7CABDCDAF}.Release|Any CPU.ActiveCfg = Release|Any CPU
		{561B2DF7-2AD8-FE0B-ABC4-DBC7CABDCDAF}.Release|Any CPU.Build.0 = Release|Any CPU
	EndGlobalSection
	GlobalSection(SolutionProperties) = preSolution
		HideSolutionNode = FALSE
	EndGlobalSection
			GlobalSection(MonoDevelopProperties) = preSolution
		StartupItem = Assembly-CSharp.csproj
		Policies = $0
		$0.TextStylePolicy = $1
		$1.inheritsSet = null
		$1.scope = text/x-csharp
		$0.CSharpFormattingPolicy = $2
		$2.inheritsSet = Mono
		$2.inheritsScope = text/x-csharp
		$2.scope = text/x-csharp
		$0.TextStylePolicy = $3
		$3.FileWidth = 120
		$3.TabWidth = 4
		$3.EolMarker = Unix
		$3.inheritsSet = Mono
		$3.inheritsScope = text/plain
		$3.scope = text/plain
	EndGlobalSection

EndGlobal
