Microsoft Visual Studio Solution File, Format Version 11.00
# Visual Studio 2008

Project("{CF061F74-9AEB-4225-6B06-BB22DFBAD89E}") = "Catapults v2.9", "Assembly-CSharp.csproj", "{011D0944-BB61-FF2C-618D-EC8732EE3B63}"
EndProject
Project("{CF061F74-9AEB-4225-6B06-BB22DFBAD89E}") = "Catapults v2.9", "Assembly-CSharp-Editor.csproj", "{F9832461-7834-C5BA-0B16-28C6E9BCBC8F}"
EndProject
Project("{CF061F74-9AEB-4225-6B06-BB22DFBAD89E}") = "Catapults v2.9", "Assembly-UnityScript.unityproj", "{9CA5D12B-D171-03A2-3362-8068BA50EEF3}"
EndProject
Project("{CF061F74-9AEB-4225-6B06-BB22DFBAD89E}") = "Catapults v2.9", "Assembly-UnityScript-Editor-firstpass.unityproj", "{0960B8BE-7992-C2B6-15AE-E14AD3F37CD4}"
EndProject
Global
	GlobalSection(SolutionConfigurationPlatforms) = preSolution
		Debug|Any CPU = Debug|Any CPU
		Release|Any CPU = Release|Any CPU
	EndGlobalSection
	GlobalSection(ProjectConfigurationPlatforms) = postSolution
		{011D0944-BB61-FF2C-618D-EC8732EE3B63}.Debug|Any CPU.ActiveCfg = Debug|Any CPU
		{011D0944-BB61-FF2C-618D-EC8732EE3B63}.Debug|Any CPU.Build.0 = Debug|Any CPU
		{011D0944-BB61-FF2C-618D-EC8732EE3B63}.Release|Any CPU.ActiveCfg = Release|Any CPU
		{011D0944-BB61-FF2C-618D-EC8732EE3B63}.Release|Any CPU.Build.0 = Release|Any CPU
		{F9832461-7834-C5BA-0B16-28C6E9BCBC8F}.Debug|Any CPU.ActiveCfg = Debug|Any CPU
		{F9832461-7834-C5BA-0B16-28C6E9BCBC8F}.Debug|Any CPU.Build.0 = Debug|Any CPU
		{F9832461-7834-C5BA-0B16-28C6E9BCBC8F}.Release|Any CPU.ActiveCfg = Release|Any CPU
		{F9832461-7834-C5BA-0B16-28C6E9BCBC8F}.Release|Any CPU.Build.0 = Release|Any CPU
		{9CA5D12B-D171-03A2-3362-8068BA50EEF3}.Debug|Any CPU.ActiveCfg = Debug|Any CPU
		{9CA5D12B-D171-03A2-3362-8068BA50EEF3}.Debug|Any CPU.Build.0 = Debug|Any CPU
		{9CA5D12B-D171-03A2-3362-8068BA50EEF3}.Release|Any CPU.ActiveCfg = Release|Any CPU
		{9CA5D12B-D171-03A2-3362-8068BA50EEF3}.Release|Any CPU.Build.0 = Release|Any CPU
		{0960B8BE-7992-C2B6-15AE-E14AD3F37CD4}.Debug|Any CPU.ActiveCfg = Debug|Any CPU
		{0960B8BE-7992-C2B6-15AE-E14AD3F37CD4}.Debug|Any CPU.Build.0 = Debug|Any CPU
		{0960B8BE-7992-C2B6-15AE-E14AD3F37CD4}.Release|Any CPU.ActiveCfg = Release|Any CPU
		{0960B8BE-7992-C2B6-15AE-E14AD3F37CD4}.Release|Any CPU.Build.0 = Release|Any CPU
	EndGlobalSection
	GlobalSection(SolutionProperties) = preSolution
		HideSolutionNode = FALSE
	EndGlobalSection
																GlobalSection(MonoDevelopProperties) = preSolution
		StartupItem = Assembly-CSharp.csproj
		Policies = $0
		$0.TextStylePolicy = $1
		$1.inheritsSet = null
		$1.scope = text/x-csharp
		$0.CSharpFormattingPolicy = $2
		$2.inheritsSet = Mono
		$2.inheritsScope = text/x-csharp
		$2.scope = text/x-csharp
		$0.TextStylePolicy = $3
		$3.FileWidth = 120
		$3.TabWidth = 4
		$3.EolMarker = Unix
		$3.inheritsSet = Mono
		$3.inheritsScope = text/plain
		$3.scope = text/plain
	EndGlobalSection

EndGlobal
